
Microsoft Visual Studio Solution File, Format Version 12.00
# Visual Studio Version 17
VisualStudioVersion = 17.4.33403.182
MinimumVisualStudioVersion = 10.0.40219.1
Project("{FAE04EC0-301F-11D3-BF4B-00C04F79EFBC}") = "Server", "Server\Server.csproj", "{DCD259EC-73B8-4959-A09B-7C5391F24B64}"
EndProject
Project("{FAE04EC0-301F-11D3-BF4B-00C04F79EFBC}") = "Client", "Client\Client.csproj", "{4150FD91-34C2-493F-9D0C-FF018950C2E1}"
EndProject
Global
	GlobalSection(SolutionConfigurationPlatforms) = preSolution
		Debug|Any CPU = Debug|Any CPU
		Release|Any CPU = Release|Any CPU
	EndGlobalSection
	GlobalSection(ProjectConfigurationPlatforms) = postSolution
		{DCD259EC-73B8-4959-A09B-7C5391F24B64}.Debug|Any CPU.ActiveCfg = Debug|Any CPU
		{DCD259EC-73B8-4959-A09B-7C5391F24B64}.Debug|Any CPU.Build.0 = Debug|Any CPU
		{DCD259EC-73B8-4959-A09B-7C5391F24B64}.Release|Any CPU.ActiveCfg = Release|Any CPU
		{DCD259EC-73B8-4959-A09B-7C5391F24B64}.Release|Any CPU.Build.0 = Release|Any CPU
		{4150FD91-34C2-493F-9D0C-FF018950C2E1}.Debug|Any CPU.ActiveCfg = Debug|Any CPU
		{4150FD91-34C2-493F-9D0C-FF018950C2E1}.Debug|Any CPU.Build.0 = Debug|Any CPU
		{4150FD91-34C2-493F-9D0C-FF018950C2E1}.Release|Any CPU.ActiveCfg = Release|Any CPU
		{4150FD91-34C2-493F-9D0C-FF018950C2E1}.Release|Any CPU.Build.0 = Release|Any CPU
	EndGlobalSection
	GlobalSection(SolutionProperties) = preSolution
		HideSolutionNode = FALSE
	EndGlobalSection
	GlobalSection(ExtensibilityGlobals) = postSolution
		SolutionGuid = {1C873CEC-BA34-40CE-9DC6-610396ECEC88}
	EndGlobalSection
EndGlobal
