
Microsoft Visual Studio Solution File, Format Version 12.00
# Visual Studio Version 17
VisualStudioVersion = 17.4.33403.182
MinimumVisualStudioVersion = 10.0.40219.1
Project("{FAE04EC0-301F-11D3-BF4B-00C04F79EFBC}") = "Server", "Server\Server.csproj", "{6DB7E084-5348-4F2A-9337-ED28888B0459}"
EndProject
Project("{FAE04EC0-301F-11D3-BF4B-00C04F79EFBC}") = "Client", "Client\Client.csproj", "{FFAD7CB0-4C0D-42C4-913E-56D442DA9629}"
EndProject
Global
	GlobalSection(SolutionConfigurationPlatforms) = preSolution
		Debug|Any CPU = Debug|Any CPU
		Release|Any CPU = Release|Any CPU
	EndGlobalSection
	GlobalSection(ProjectConfigurationPlatforms) = postSolution
		{6DB7E084-5348-4F2A-9337-ED28888B0459}.Debug|Any CPU.ActiveCfg = Debug|Any CPU
		{6DB7E084-5348-4F2A-9337-ED28888B0459}.Debug|Any CPU.Build.0 = Debug|Any CPU
		{6DB7E084-5348-4F2A-9337-ED28888B0459}.Release|Any CPU.ActiveCfg = Release|Any CPU
		{6DB7E084-5348-4F2A-9337-ED28888B0459}.Release|Any CPU.Build.0 = Release|Any CPU
		{FFAD7CB0-4C0D-42C4-913E-56D442DA9629}.Debug|Any CPU.ActiveCfg = Debug|Any CPU
		{FFAD7CB0-4C0D-42C4-913E-56D442DA9629}.Debug|Any CPU.Build.0 = Debug|Any CPU
		{FFAD7CB0-4C0D-42C4-913E-56D442DA9629}.Release|Any CPU.ActiveCfg = Release|Any CPU
		{FFAD7CB0-4C0D-42C4-913E-56D442DA9629}.Release|Any CPU.Build.0 = Release|Any CPU
	EndGlobalSection
	GlobalSection(SolutionProperties) = preSolution
		HideSolutionNode = FALSE
	EndGlobalSection
	GlobalSection(ExtensibilityGlobals) = postSolution
		SolutionGuid = {8BB6DB3B-A8DA-4F0C-AC0C-95BC804CC35B}
	EndGlobalSection
EndGlobal
